
Microsoft Visual Studio Solution File, Format Version 12.00
Project("{FAE04EC0-301F-11D3-BF4B-00C04F79EFBC}") = "TempoIDE", "TempoIDE\TempoIDE.csproj", "{669B4658-B1F4-4240-9DFA-6E7BD2AE9353}"
EndProject
Project("{FAE04EC0-301F-11D3-BF4B-00C04F79EFBC}") = "TempoAnalysis", "TempoAnalysis\TempoAnalysis.csproj", "{375D1954-393F-4C4D-A8E5-5542EAE806D2}"
EndProject
Project("{FAE04EC0-301F-11D3-BF4B-00C04F79EFBC}") = "TempoExplorer", "TempoExplorer\TempoExplorer.csproj", "{A6026F4E-55F8-4001-A3B0-BC60BA75291F}"
EndProject
Project("{FAE04EC0-301F-11D3-BF4B-00C04F79EFBC}") = "TempoControls", "TempoControls\TempoControls.csproj", "{CA418233-665F-467B-9CD2-CDC7369080C3}"
EndProject
Global
	GlobalSection(SolutionConfigurationPlatforms) = preSolution
		Debug|Any CPU = Debug|Any CPU
		Release|Any CPU = Release|Any CPU
	EndGlobalSection
	GlobalSection(ProjectConfigurationPlatforms) = postSolution
		{669B4658-B1F4-4240-9DFA-6E7BD2AE9353}.Debug|Any CPU.ActiveCfg = Debug|Any CPU
		{669B4658-B1F4-4240-9DFA-6E7BD2AE9353}.Debug|Any CPU.Build.0 = Debug|Any CPU
		{669B4658-B1F4-4240-9DFA-6E7BD2AE9353}.Release|Any CPU.ActiveCfg = Release|Any CPU
		{669B4658-B1F4-4240-9DFA-6E7BD2AE9353}.Release|Any CPU.Build.0 = Release|Any CPU
		{375D1954-393F-4C4D-A8E5-5542EAE806D2}.Debug|Any CPU.ActiveCfg = Debug|Any CPU
		{375D1954-393F-4C4D-A8E5-5542EAE806D2}.Debug|Any CPU.Build.0 = Debug|Any CPU
		{375D1954-393F-4C4D-A8E5-5542EAE806D2}.Release|Any CPU.ActiveCfg = Release|Any CPU
		{375D1954-393F-4C4D-A8E5-5542EAE806D2}.Release|Any CPU.Build.0 = Release|Any CPU
		{A6026F4E-55F8-4001-A3B0-BC60BA75291F}.Debug|Any CPU.ActiveCfg = Debug|Any CPU
		{A6026F4E-55F8-4001-A3B0-BC60BA75291F}.Debug|Any CPU.Build.0 = Debug|Any CPU
		{A6026F4E-55F8-4001-A3B0-BC60BA75291F}.Release|Any CPU.ActiveCfg = Release|Any CPU
		{A6026F4E-55F8-4001-A3B0-BC60BA75291F}.Release|Any CPU.Build.0 = Release|Any CPU
		{CA418233-665F-467B-9CD2-CDC7369080C3}.Debug|Any CPU.ActiveCfg = Debug|Any CPU
		{CA418233-665F-467B-9CD2-CDC7369080C3}.Debug|Any CPU.Build.0 = Debug|Any CPU
		{CA418233-665F-467B-9CD2-CDC7369080C3}.Release|Any CPU.ActiveCfg = Release|Any CPU
		{CA418233-665F-467B-9CD2-CDC7369080C3}.Release|Any CPU.Build.0 = Release|Any CPU
	EndGlobalSection
EndGlobal
