
Microsoft Visual Studio Solution File, Format Version 12.00
Project("{FAE04EC0-301F-11D3-BF4B-00C04F79EFBC}") = "TempoIDE", "TempoIDE\TempoIDE.csproj", "{669B4658-B1F4-4240-9DFA-6E7BD2AE9353}"
EndProject
Global
	GlobalSection(SolutionConfigurationPlatforms) = preSolution
		Debug|Any CPU = Debug|Any CPU
		Release|Any CPU = Release|Any CPU
	EndGlobalSection
	GlobalSection(ProjectConfigurationPlatforms) = postSolution
		{669B4658-B1F4-4240-9DFA-6E7BD2AE9353}.Debug|Any CPU.ActiveCfg = Debug|Any CPU
		{669B4658-B1F4-4240-9DFA-6E7BD2AE9353}.Debug|Any CPU.Build.0 = Debug|Any CPU
		{669B4658-B1F4-4240-9DFA-6E7BD2AE9353}.Release|Any CPU.ActiveCfg = Release|Any CPU
		{669B4658-B1F4-4240-9DFA-6E7BD2AE9353}.Release|Any CPU.Build.0 = Release|Any CPU
	EndGlobalSection
EndGlobal
